
Microsoft Visual Studio Solution File, Format Version 12.00
# Visual Studio Version 16
VisualStudioVersion = 16.0.30114.105
MinimumVisualStudioVersion = 10.0.40219.1
Project("{FAE04EC0-301F-11D3-BF4B-00C04F79EFBC}") = "MainApp", "MainApp\MainApp.csproj", "{4CBD9CDF-CCCC-4DA7-BA73-C9033D7EF455}"
EndProject
Project("{FAE04EC0-301F-11D3-BF4B-00C04F79EFBC}") = "AppLibrary", "AppLibrary\AppLibrary.csproj", "{82EEF849-B838-48FE-98F6-1AE5988F5EDD}"
EndProject
Global
	GlobalSection(SolutionConfigurationPlatforms) = preSolution
		Debug|Any CPU = Debug|Any CPU
		Debug|x64 = Debug|x64
		Debug|x86 = Debug|x86
		Release|Any CPU = Release|Any CPU
		Release|x64 = Release|x64
		Release|x86 = Release|x86
	EndGlobalSection
	GlobalSection(SolutionProperties) = preSolution
		HideSolutionNode = FALSE
	EndGlobalSection
	GlobalSection(ProjectConfigurationPlatforms) = postSolution
		{4CBD9CDF-CCCC-4DA7-BA73-C9033D7EF455}.Debug|Any CPU.ActiveCfg = Debug|Any CPU
		{4CBD9CDF-CCCC-4DA7-BA73-C9033D7EF455}.Debug|Any CPU.Build.0 = Debug|Any CPU
		{4CBD9CDF-CCCC-4DA7-BA73-C9033D7EF455}.Debug|x64.ActiveCfg = Debug|Any CPU
		{4CBD9CDF-CCCC-4DA7-BA73-C9033D7EF455}.Debug|x64.Build.0 = Debug|Any CPU
		{4CBD9CDF-CCCC-4DA7-BA73-C9033D7EF455}.Debug|x86.ActiveCfg = Debug|Any CPU
		{4CBD9CDF-CCCC-4DA7-BA73-C9033D7EF455}.Debug|x86.Build.0 = Debug|Any CPU
		{4CBD9CDF-CCCC-4DA7-BA73-C9033D7EF455}.Release|Any CPU.ActiveCfg = Release|Any CPU
		{4CBD9CDF-CCCC-4DA7-BA73-C9033D7EF455}.Release|Any CPU.Build.0 = Release|Any CPU
		{4CBD9CDF-CCCC-4DA7-BA73-C9033D7EF455}.Release|x64.ActiveCfg = Release|Any CPU
		{4CBD9CDF-CCCC-4DA7-BA73-C9033D7EF455}.Release|x64.Build.0 = Release|Any CPU
		{4CBD9CDF-CCCC-4DA7-BA73-C9033D7EF455}.Release|x86.ActiveCfg = Release|Any CPU
		{4CBD9CDF-CCCC-4DA7-BA73-C9033D7EF455}.Release|x86.Build.0 = Release|Any CPU
		{82EEF849-B838-48FE-98F6-1AE5988F5EDD}.Debug|Any CPU.ActiveCfg = Debug|Any CPU
		{82EEF849-B838-48FE-98F6-1AE5988F5EDD}.Debug|Any CPU.Build.0 = Debug|Any CPU
		{82EEF849-B838-48FE-98F6-1AE5988F5EDD}.Debug|x64.ActiveCfg = Debug|Any CPU
		{82EEF849-B838-48FE-98F6-1AE5988F5EDD}.Debug|x64.Build.0 = Debug|Any CPU
		{82EEF849-B838-48FE-98F6-1AE5988F5EDD}.Debug|x86.ActiveCfg = Debug|Any CPU
		{82EEF849-B838-48FE-98F6-1AE5988F5EDD}.Debug|x86.Build.0 = Debug|Any CPU
		{82EEF849-B838-48FE-98F6-1AE5988F5EDD}.Release|Any CPU.ActiveCfg = Release|Any CPU
		{82EEF849-B838-48FE-98F6-1AE5988F5EDD}.Release|Any CPU.Build.0 = Release|Any CPU
		{82EEF849-B838-48FE-98F6-1AE5988F5EDD}.Release|x64.ActiveCfg = Release|Any CPU
		{82EEF849-B838-48FE-98F6-1AE5988F5EDD}.Release|x64.Build.0 = Release|Any CPU
		{82EEF849-B838-48FE-98F6-1AE5988F5EDD}.Release|x86.ActiveCfg = Release|Any CPU
		{82EEF849-B838-48FE-98F6-1AE5988F5EDD}.Release|x86.Build.0 = Release|Any CPU
	EndGlobalSection
EndGlobal
